# This file is automatically @generated by Cargo.
# It is not intended for manual editing.
version = 3

[[package]]
name = "addr2line"
version = "0.20.0"
source = "registry+https://github.com/rust-lang/crates.io-index"
checksum = "f4fa78e18c64fce05e902adecd7a5eed15a5e0a3439f7b0e169f0252214865e3"
dependencies = [
 "gimli",
]

[[package]]
name = "adler"
version = "1.0.2"
source = "registry+https://github.com/rust-lang/crates.io-index"
checksum = "f26201604c87b1e01bd3d98f8d5d9a8fcbb815e8cedb41ffccbeb4bf593a35fe"

[[package]]
name = "backtrace"
version = "0.3.68"
source = "registry+https://github.com/rust-lang/crates.io-index"
checksum = "4319208da049c43661739c5fade2ba182f09d1dc2299b32298d3a31692b17e12"
dependencies = [
 "addr2line",
 "cc",
 "cfg-if",
 "libc",
 "miniz_oxide",
 "object",
 "rustc-demangle",
]

[[package]]
name = "basic-toml"
version = "0.1.3"
source = "registry+https://github.com/rust-lang/crates.io-index"
checksum = "f838d03a705d72b12389b8930bd14cacf493be1380bfb15720d4d12db5ab03ac"
dependencies = [
 "serde",
]

[[package]]
name = "cc"
version = "1.0.79"
source = "registry+https://github.com/rust-lang/crates.io-index"
checksum = "50d30906286121d95be3d479533b458f87493b30a4b5f79a607db8f5d11aa91f"

[[package]]
name = "cfg-if"
version = "1.0.0"
source = "registry+https://github.com/rust-lang/crates.io-index"
checksum = "baf1de4339761588bc0619e3cbc0120ee582ebb74b53b4efbf79117bd2da40fd"

[[package]]
name = "diff"
version = "0.1.13"
source = "registry+https://github.com/rust-lang/crates.io-index"
checksum = "56254986775e3233ffa9c4d7d3faaf6d36a2c09d30b20687e9f88bc8bafc16c8"

[[package]]
name = "displaydoc"
version = "0.2.4"
source = "registry+https://github.com/rust-lang/crates.io-index"
checksum = "487585f4d0c6655fe74905e2504d8ad6908e4db67f744eb140876906c2f3175d"
dependencies = [
 "proc-macro2",
 "quote",
 "syn 2.0.26",
]

[[package]]
name = "eyre"
version = "0.6.8"
source = "registry+https://github.com/rust-lang/crates.io-index"
checksum = "4c2b6b5a29c02cdc822728b7d7b8ae1bab3e3b05d44522770ddd49722eeac7eb"
dependencies = [
 "indenter",
 "once_cell",
]

[[package]]
name = "fluent-bundle"
version = "0.15.2"
source = "git+https://github.com/TeamHarTex/fluent-rs.git?branch=main#47802a7032f99e117c567377b417854ebdd9109e"
dependencies = [
 "fluent-langneg",
 "fluent-syntax",
 "intl-memoizer",
 "intl_pluralrules",
 "rustc-hash",
 "self_cell",
 "smallvec",
 "unic-langid",
]

[[package]]
name = "fluent-langneg"
version = "0.13.0"
source = "registry+https://github.com/rust-lang/crates.io-index"
checksum = "2c4ad0989667548f06ccd0e306ed56b61bd4d35458d54df5ec7587c0e8ed5e94"
dependencies = [
 "unic-langid",
]

[[package]]
name = "fluent-syntax"
version = "0.11.0"
source = "git+https://github.com/TeamHarTex/fluent-rs.git?branch=main#47802a7032f99e117c567377b417854ebdd9109e"
dependencies = [
 "thiserror",
]

[[package]]
name = "gimli"
version = "0.27.3"
source = "registry+https://github.com/rust-lang/crates.io-index"
checksum = "b6c80984affa11d98d1b88b66ac8853f143217b399d3c74116778ff8fdb4ed2e"

[[package]]
name = "glob"
version = "0.3.1"
source = "registry+https://github.com/rust-lang/crates.io-index"
checksum = "d2fabcfbdc87f4758337ca535fb41a6d701b65693ce38287d856d1674551ec9b"

[[package]]
name = "hartex_eyre"
version = "0.1.0"
dependencies = [
 "backtrace",
 "eyre",
]

[[package]]
name = "hartex_localization_core"
version = "0.1.0"
dependencies = [
 "fluent-bundle",
 "hartex_eyre",
 "intl-memoizer",
 "unic-langid",
]

[[package]]
name = "hartex_localization_macros"
version = "0.1.0"
dependencies = [
 "proc-macro2",
 "quote",
 "syn 2.0.26",
]

[[package]]
name = "hartex_localization_test"
version = "0.1.0"
dependencies = [
 "hartex_localization_core",
 "hartex_localization_macros",
 "macrotest",
 "rustversion",
 "trybuild",
]

[[package]]
name = "indenter"
version = "0.3.3"
source = "registry+https://github.com/rust-lang/crates.io-index"
checksum = "ce23b50ad8242c51a442f3ff322d56b02f08852c77e4c0b4d3fd684abc89c683"

[[package]]
name = "intl-memoizer"
version = "0.5.1"
source = "git+https://github.com/TeamHarTex/fluent-rs.git?branch=main#47802a7032f99e117c567377b417854ebdd9109e"
dependencies = [
 "type-map",
 "unic-langid",
]

[[package]]
name = "intl_pluralrules"
version = "7.0.2"
source = "registry+https://github.com/rust-lang/crates.io-index"
checksum = "078ea7b7c29a2b4df841a7f6ac8775ff6074020c6776d48491ce2268e068f972"
dependencies = [
 "unic-langid",
]

[[package]]
name = "itoa"
version = "1.0.8"
source = "registry+https://github.com/rust-lang/crates.io-index"
checksum = "62b02a5381cc465bd3041d84623d0fa3b66738b52b8e2fc3bab8ad63ab032f4a"

[[package]]
name = "libc"
version = "0.2.147"
source = "registry+https://github.com/rust-lang/crates.io-index"
checksum = "b4668fb0ea861c1df094127ac5f1da3409a82116a4ba74fca2e58ef927159bb3"

[[package]]
name = "macrotest"
version = "1.0.9"
source = "git+https://github.com/TeamHarTex/macrotest.git?branch=master#d3dc088787f9cea39db3097b460ff34d73bcace0"
dependencies = [
 "diff",
 "glob",
 "prettyplease",
 "serde",
 "serde_json",
 "syn 1.0.109",
 "toml",
]

[[package]]
name = "memchr"
version = "2.5.0"
source = "registry+https://github.com/rust-lang/crates.io-index"
checksum = "2dffe52ecf27772e601905b7522cb4ef790d2cc203488bbd0e2fe85fcb74566d"

[[package]]
name = "miniz_oxide"
version = "0.7.1"
source = "registry+https://github.com/rust-lang/crates.io-index"
checksum = "e7810e0be55b428ada41041c41f32c9f1a42817901b4ccf45fa3d4b6561e74c7"
dependencies = [
 "adler",
]

[[package]]
name = "object"
version = "0.31.1"
source = "registry+https://github.com/rust-lang/crates.io-index"
checksum = "8bda667d9f2b5051b8833f59f3bf748b28ef54f850f4fcb389a252aa383866d1"
dependencies = [
 "memchr",
]

[[package]]
name = "once_cell"
version = "1.18.0"
source = "registry+https://github.com/rust-lang/crates.io-index"
checksum = "dd8b5dd2ae5ed71462c540258bedcb51965123ad7e7ccf4b9a8cafaa4a63576d"

[[package]]
name = "prettyplease"
version = "0.1.25"
source = "registry+https://github.com/rust-lang/crates.io-index"
checksum = "6c8646e95016a7a6c4adea95bafa8a16baab64b583356217f2c85db4a39d9a86"
dependencies = [
 "proc-macro2",
 "syn 1.0.109",
]

[[package]]
name = "proc-macro-hack"
version = "0.5.20+deprecated"
source = "registry+https://github.com/rust-lang/crates.io-index"
checksum = "dc375e1527247fe1a97d8b7156678dfe7c1af2fc075c9a4db3690ecd2a148068"

[[package]]
name = "proc-macro2"
version = "1.0.65"
source = "registry+https://github.com/rust-lang/crates.io-index"
checksum = "92de25114670a878b1261c79c9f8f729fb97e95bac93f6312f583c60dd6a1dfe"
dependencies = [
 "unicode-ident",
]

[[package]]
name = "quote"
version = "1.0.29"
source = "registry+https://github.com/rust-lang/crates.io-index"
checksum = "573015e8ab27661678357f27dc26460738fd2b6c86e46f386fde94cb5d913105"
dependencies = [
 "proc-macro2",
]

[[package]]
name = "rustc-demangle"
version = "0.1.23"
source = "registry+https://github.com/rust-lang/crates.io-index"
checksum = "d626bb9dae77e28219937af045c257c28bfd3f69333c512553507f5f9798cb76"

[[package]]
name = "rustc-hash"
version = "1.1.0"
source = "registry+https://github.com/rust-lang/crates.io-index"
checksum = "08d43f7aa6b08d49f382cde6a7982047c3426db949b1424bc4b7ec9ae12c6ce2"

[[package]]
name = "rustversion"
version = "1.0.13"
source = "registry+https://github.com/rust-lang/crates.io-index"
checksum = "dc31bd9b61a32c31f9650d18add92aa83a49ba979c143eefd27fe7177b05bd5f"

[[package]]
name = "ryu"
version = "1.0.14"
source = "registry+https://github.com/rust-lang/crates.io-index"
checksum = "fe232bdf6be8c8de797b22184ee71118d63780ea42ac85b61d1baa6d3b782ae9"

[[package]]
name = "self_cell"
version = "0.10.2"
source = "registry+https://github.com/rust-lang/crates.io-index"
checksum = "1ef965a420fe14fdac7dd018862966a4c14094f900e1650bbc71ddd7d580c8af"

[[package]]
name = "serde"
version = "1.0.171"
source = "registry+https://github.com/rust-lang/crates.io-index"
checksum = "30e27d1e4fd7659406c492fd6cfaf2066ba8773de45ca75e855590f856dc34a9"
dependencies = [
 "serde_derive",
]

[[package]]
name = "serde_derive"
version = "1.0.171"
source = "registry+https://github.com/rust-lang/crates.io-index"
checksum = "389894603bd18c46fa56231694f8d827779c0951a667087194cf9de94ed24682"
dependencies = [
 "proc-macro2",
 "quote",
 "syn 2.0.26",
]

[[package]]
name = "serde_json"
version = "1.0.102"
source = "registry+https://github.com/rust-lang/crates.io-index"
checksum = "b5062a995d481b2308b6064e9af76011f2921c35f97b0468811ed9f6cd91dfed"
dependencies = [
 "itoa",
 "ryu",
 "serde",
]

[[package]]
name = "smallvec"
version = "1.11.0"
source = "registry+https://github.com/rust-lang/crates.io-index"
checksum = "62bb4feee49fdd9f707ef802e22365a35de4b7b299de4763d44bfea899442ff9"

[[package]]
name = "syn"
version = "1.0.109"
source = "registry+https://github.com/rust-lang/crates.io-index"
checksum = "72b64191b275b66ffe2469e8af2c1cfe3bafa67b529ead792a6d0160888b4237"
dependencies = [
 "proc-macro2",
 "quote",
 "unicode-ident",
]

[[package]]
name = "syn"
version = "2.0.26"
source = "registry+https://github.com/rust-lang/crates.io-index"
checksum = "45c3457aacde3c65315de5031ec191ce46604304d2446e803d71ade03308d970"
dependencies = [
 "proc-macro2",
 "quote",
 "unicode-ident",
]

[[package]]
name = "termcolor"
version = "1.2.0"
source = "registry+https://github.com/rust-lang/crates.io-index"
checksum = "be55cf8942feac5c765c2c993422806843c9a9a45d4d5c407ad6dd2ea95eb9b6"
dependencies = [
 "winapi-util",
]

[[package]]
name = "thiserror"
version = "1.0.43"
source = "registry+https://github.com/rust-lang/crates.io-index"
checksum = "a35fc5b8971143ca348fa6df4f024d4d55264f3468c71ad1c2f365b0a4d58c42"
dependencies = [
 "thiserror-impl",
]

[[package]]
name = "thiserror-impl"
version = "1.0.43"
source = "registry+https://github.com/rust-lang/crates.io-index"
checksum = "463fe12d7993d3b327787537ce8dd4dfa058de32fc2b195ef3cde03dc4771e8f"
dependencies = [
 "proc-macro2",
 "quote",
 "syn 2.0.26",
]

[[package]]
name = "tinystr"
version = "0.7.1"
source = "registry+https://github.com/rust-lang/crates.io-index"
checksum = "7ac3f5b6856e931e15e07b478e98c8045239829a65f9156d4fa7e7788197a5ef"
dependencies = [
 "displaydoc",
]

[[package]]
name = "toml"
version = "0.5.11"
source = "registry+https://github.com/rust-lang/crates.io-index"
checksum = "f4f7f0dd8d50a853a531c426359045b1998f04219d88799810762cd4ad314234"
dependencies = [
 "serde",
]

[[package]]
name = "trybuild"
version = "1.0.81"
source = "registry+https://github.com/rust-lang/crates.io-index"
checksum = "04366e99ff743345622cd00af2af01d711dc2d1ef59250d7347698d21b546729"
dependencies = [
 "basic-toml",
 "glob",
 "once_cell",
 "serde",
 "serde_derive",
 "serde_json",
 "termcolor",
]

[[package]]
name = "type-map"
version = "0.5.0"
source = "registry+https://github.com/rust-lang/crates.io-index"
checksum = "deb68604048ff8fa93347f02441e4487594adc20bb8a084f9e564d2b827a0a9f"
dependencies = [
 "rustc-hash",
]

[[package]]
name = "unic-langid"
version = "0.9.1"
source = "registry+https://github.com/rust-lang/crates.io-index"
checksum = "398f9ad7239db44fd0f80fe068d12ff22d78354080332a5077dc6f52f14dcf2f"
dependencies = [
 "unic-langid-impl",
 "unic-langid-macros",
]

[[package]]
name = "unic-langid-impl"
version = "0.9.1"
source = "registry+https://github.com/rust-lang/crates.io-index"
checksum = "e35bfd2f2b8796545b55d7d3fd3e89a0613f68a0d1c8bc28cb7ff96b411a35ff"
dependencies = [
 "tinystr",
]

[[package]]
name = "unic-langid-macros"
version = "0.9.1"
source = "registry+https://github.com/rust-lang/crates.io-index"
checksum = "055e618bf694161ffff0466d95cef3e1a5edc59f6ba1888e97801f2b4ebdc4fe"
dependencies = [
 "proc-macro-hack",
 "tinystr",
 "unic-langid-impl",
 "unic-langid-macros-impl",
]

[[package]]
name = "unic-langid-macros-impl"
version = "0.9.1"
source = "registry+https://github.com/rust-lang/crates.io-index"
checksum = "1f5cdec05b907f4e2f6843f4354f4ce6a5bebe1a56df320a49134944477ce4d8"
dependencies = [
 "proc-macro-hack",
 "quote",
 "syn 1.0.109",
 "unic-langid-impl",
]

[[package]]
name = "unicode-ident"
version = "1.0.10"
source = "registry+https://github.com/rust-lang/crates.io-index"
checksum = "22049a19f4a68748a168c0fc439f9516686aa045927ff767eca0a85101fb6e73"

[[package]]
name = "winapi"
version = "0.3.9"
source = "registry+https://github.com/rust-lang/crates.io-index"
checksum = "5c839a674fcd7a98952e593242ea400abe93992746761e38641405d28b00f419"
dependencies = [
 "winapi-i686-pc-windows-gnu",
 "winapi-x86_64-pc-windows-gnu",
]

[[package]]
name = "winapi-i686-pc-windows-gnu"
version = "0.4.0"
source = "registry+https://github.com/rust-lang/crates.io-index"
checksum = "ac3b87c63620426dd9b991e5ce0329eff545bccbbb34f3be09ff6fb6ab51b7b6"

[[package]]
name = "winapi-util"
version = "0.1.5"
source = "registry+https://github.com/rust-lang/crates.io-index"
checksum = "70ec6ce85bb158151cae5e5c87f95a8e97d2c0c4b001223f33a334e3ce5de178"
dependencies = [
 "winapi",
]

[[package]]
name = "winapi-x86_64-pc-windows-gnu"
version = "0.4.0"
source = "registry+https://github.com/rust-lang/crates.io-index"
checksum = "712e227841d057c1ee1cd2fb22fa7e5a5461ae8e48fa2ca79ec42cfc1931183f"
